#MicroXplorer Configuration settings - do not modify
FREERTOS.FootprintOK=true
FREERTOS.IPParameters=Tasks01,FootprintOK
FREERTOS.Tasks01=defaultTask,0,128,StartDefaultTask,Default,NULL,Dynamic,NULL,NULL;T1_WheelMove,0,128,StartTask01,As external,NULL,Dynamic,NULL,NULL;T2_Steering,0,128,StartTask02,As external,NULL,Dynamic,NULL,NULL;T3_WheelEncoder,-2,128,StartTask03,As external,NULL,Dynamic,NULL,NULL;T4_WheelTurnEnc,-2,128,StartTask04,As external,NULL,Dynamic,NULL,NULL;T5_PowerSup,0,128,StartTask05,As external,NULL,Dynamic,NULL,NULL;T6_Terminal,-2,128,StartTask06,As external,NULL,Dynamic,NULL,NULL;T7_Logging,-2,128,StartTask07,As external,NULL,Dynamic,NULL,NULL;T8_RemoteCon,2,128,StartTask08,As external,NULL,Dynamic,NULL,NULL;T9_State,2,128,StartTask09,As external,NULL,Dynamic,NULL,NULL;T10_Button,-2,128,StartTask10,As external,NULL,Dynamic,NULL,NULL
File.Version=6
I2C1.IPParameters=Timing
I2C1.Timing=0x10C0ECFF
I2C2.IPParameters=Timing
I2C2.Timing=0x10C0ECFF
I2C4.IPParameters=Timing
I2C4.Timing=0x10C0ECFF
KeepUserPlacement=false
Mcu.Family=STM32H7
Mcu.IP0=CORTEX_M7
Mcu.IP1=FREERTOS
Mcu.IP10=TIM2
Mcu.IP11=TIM3
Mcu.IP12=TIM4
Mcu.IP13=TIM5
Mcu.IP14=TIM6
Mcu.IP15=TIM8
Mcu.IP16=TIM12
Mcu.IP17=TIM14
Mcu.IP18=TIM15
Mcu.IP19=TIM16
Mcu.IP2=I2C1
Mcu.IP20=TIM17
Mcu.IP21=UART7
Mcu.IP22=UART8
Mcu.IP23=USART2
Mcu.IP3=I2C2
Mcu.IP4=I2C4
Mcu.IP5=NVIC
Mcu.IP6=RCC
Mcu.IP7=SPI3
Mcu.IP8=SYS
Mcu.IP9=TIM1
Mcu.IPNb=24
Mcu.Name=STM32H743BITx
Mcu.Package=LQFP208
Mcu.Pin0=PE5
Mcu.Pin1=PE6
Mcu.Pin10=PB0
Mcu.Pin11=PB1
Mcu.Pin12=PF14
Mcu.Pin13=PF15
Mcu.Pin14=PE8
Mcu.Pin15=PE12
Mcu.Pin16=PE13
Mcu.Pin17=PE14
Mcu.Pin18=PE15
Mcu.Pin19=PB10
Mcu.Pin2=PF0
Mcu.Pin20=PB11
Mcu.Pin21=PH8
Mcu.Pin22=PH9
Mcu.Pin23=PH10
Mcu.Pin24=PH11
Mcu.Pin25=PH12
Mcu.Pin26=PB13
Mcu.Pin27=PD9
Mcu.Pin28=PD10
Mcu.Pin29=PD11
Mcu.Pin3=PF1
Mcu.Pin30=PD12
Mcu.Pin31=PD13
Mcu.Pin32=PD15
Mcu.Pin33=PJ9
Mcu.Pin34=PJ10
Mcu.Pin35=PJ11
Mcu.Pin36=PK0
Mcu.Pin37=PK1
Mcu.Pin38=PC6
Mcu.Pin39=PC7
Mcu.Pin4=PF6
Mcu.Pin40=PA13 (JTMS/SWDIO)
Mcu.Pin41=PA14 (JTCK/SWCLK)
Mcu.Pin42=PC10
Mcu.Pin43=PC11
Mcu.Pin44=PC12
Mcu.Pin45=PD0
Mcu.Pin46=PD1
Mcu.Pin47=PD2
Mcu.Pin48=PD3
Mcu.Pin49=PD4
Mcu.Pin5=PF7
Mcu.Pin50=PD5
Mcu.Pin51=PD6
Mcu.Pin52=PD7
Mcu.Pin53=PJ14
Mcu.Pin54=PJ15
Mcu.Pin55=PG9
Mcu.Pin56=PK4
Mcu.Pin57=PK5
Mcu.Pin58=PK6
Mcu.Pin59=PK7
Mcu.Pin6=PC0
Mcu.Pin60=PG15
Mcu.Pin61=PB3 (JTDO/TRACESWO)
Mcu.Pin62=PB6
Mcu.Pin63=PB7
Mcu.Pin64=PE0
Mcu.Pin65=PE1
Mcu.Pin66=VP_FREERTOS_VS_CMSIS_V1
Mcu.Pin67=VP_SYS_VS_tim13
Mcu.Pin68=VP_TIM1_VS_ClockSourceINT
Mcu.Pin69=VP_TIM3_VS_ControllerModeReset
Mcu.Pin7=PC1
Mcu.Pin70=VP_TIM3_VS_ClockSourceINT
Mcu.Pin71=VP_TIM4_VS_ClockSourceINT
Mcu.Pin72=VP_TIM5_VS_ClockSourceINT
Mcu.Pin73=VP_TIM6_VS_ClockSourceINT
Mcu.Pin74=VP_TIM8_VS_ControllerModeReset
Mcu.Pin75=VP_TIM8_VS_ClockSourceINT
Mcu.Pin76=VP_TIM12_VS_ClockSourceINT
Mcu.Pin77=VP_TIM14_VS_ClockSourceINT
Mcu.Pin78=VP_TIM15_VS_ClockSourceINT
Mcu.Pin79=VP_TIM16_VS_ClockSourceINT
Mcu.Pin8=PC2_C
Mcu.Pin80=VP_TIM17_VS_ClockSourceINT
Mcu.Pin9=PC3_C
Mcu.PinsNb=81
Mcu.ThirdPartyNb=0
Mcu.UserConstants=
Mcu.UserName=STM32H743BITx
MxCube.Version=5.1.0
MxDb.Version=DB.5.0.10
NVIC.BusFault_IRQn=true\:0\:0\:false\:false\:true\:false\:false\:false
NVIC.DebugMonitor_IRQn=true\:0\:0\:false\:false\:true\:false\:false\:false
NVIC.HardFault_IRQn=true\:0\:0\:false\:false\:true\:false\:false\:false
NVIC.MemoryManagement_IRQn=true\:0\:0\:false\:false\:true\:false\:false\:false
NVIC.NonMaskableInt_IRQn=true\:0\:0\:false\:false\:true\:false\:false\:false
NVIC.PendSV_IRQn=true\:15\:0\:false\:false\:false\:true\:false\:false
NVIC.PriorityGroup=NVIC_PRIORITYGROUP_4
NVIC.SVCall_IRQn=true\:0\:0\:false\:false\:false\:false\:false\:false
NVIC.SysTick_IRQn=true\:15\:0\:false\:false\:false\:true\:false\:true
NVIC.TIM17_IRQn=true\:5\:0\:false\:false\:true\:true\:true\:true
NVIC.TIM8_TRG_COM_TIM14_IRQn=true\:5\:0\:false\:false\:true\:true\:true\:true
NVIC.TIM8_UP_TIM13_IRQn=true\:0\:0\:false\:false\:true\:false\:false\:true
NVIC.TimeBase=TIM8_UP_TIM13_IRQn
NVIC.TimeBaseIP=TIM13
NVIC.UART7_IRQn=true\:5\:0\:false\:false\:true\:true\:true\:true
NVIC.UART8_IRQn=true\:5\:0\:false\:false\:true\:true\:true\:true
NVIC.USART2_IRQn=true\:5\:0\:false\:false\:true\:true\:true\:true
NVIC.UsageFault_IRQn=true\:0\:0\:false\:false\:true\:false\:false\:false
PA13\ (JTMS/SWDIO).Mode=Serial_Wire
PA13\ (JTMS/SWDIO).Signal=SYS_JTMS-SWDIO
PA14\ (JTCK/SWCLK).Mode=Serial_Wire
PA14\ (JTCK/SWCLK).Signal=SYS_JTCK-SWCLK
PB0.GPIOParameters=GPIO_Label
PB0.GPIO_Label=PWM_IN_Ch2
PB0.Locked=true
PB0.Signal=S_TIM3_CH3
PB1.GPIOParameters=GPIO_Label
PB1.GPIO_Label=PWM_IN_Ch3
PB1.Locked=true
PB1.Signal=S_TIM3_CH4
PB10.GPIOParameters=GPIO_Label
PB10.GPIO_Label=DRV_CLKIN_Ch4
PB10.Locked=true
PB10.Signal=S_TIM2_CH3
PB11.GPIOParameters=GPIO_Label
PB11.GPIO_Label=DRV_SCS_Ch3
PB11.Locked=true
PB11.Signal=GPIO_Output
PB13.GPIOParameters=GPIO_Label
PB13.GPIO_Label=DRV_SCS_Ch2
PB13.Locked=true
PB13.Signal=GPIO_Output
PB3\ (JTDO/TRACESWO).GPIOParameters=GPIO_Label
PB3\ (JTDO/TRACESWO).GPIO_Label=Power_DRV_1
PB3\ (JTDO/TRACESWO).Locked=true
PB3\ (JTDO/TRACESWO).Signal=GPIO_Output
PB6.Locked=true
PB6.Mode=I2C
PB6.Signal=I2C1_SCL
PB7.Locked=true
PB7.Mode=I2C
PB7.Signal=I2C1_SDA
PC0.GPIOParameters=GPIO_Label
PC0.GPIO_Label=Btn_SS
PC0.Locked=true
PC0.Signal=GPIO_Input
PC1.GPIOParameters=GPIO_Label
PC1.GPIO_Label=Led_SS
PC1.Locked=true
PC1.Signal=GPIO_Output
PC10.GPIOParameters=GPIO_Label
PC10.GPIO_Label=DRV_SPI_SCK
PC10.Locked=true
PC10.Mode=Full_Duplex_Master
PC10.Signal=SPI3_SCK
PC11.GPIOParameters=GPIO_Label
PC11.GPIO_Label=DRV_SPI_MISO
PC11.Locked=true
PC11.Mode=Full_Duplex_Master
PC11.Signal=SPI3_MISO
PC12.GPIOParameters=GPIO_Label
PC12.GPIO_Label=DRV_SPI_MOSI
PC12.Locked=true
PC12.Mode=Full_Duplex_Master
PC12.Signal=SPI3_MOSI
PC2_C.GPIOParameters=GPIO_Label
PC2_C.GPIO_Label=Btn_AP_Enable
PC2_C.Locked=true
PC2_C.Signal=GPIO_Input
PC3_C.GPIOParameters=GPIO_Label
PC3_C.GPIO_Label=Btn_AP_Start
PC3_C.Locked=true
PC3_C.Signal=GPIO_Input
PC6.GPIOParameters=GPIO_Label
PC6.GPIO_Label=PWM_IN_Ch1
PC6.Locked=true
PC6.Signal=S_TIM3_CH1
PC7.GPIOParameters=GPIO_Label
PC7.GPIO_Label=PWM_IN_Ch4
PC7.Locked=true
PC7.Signal=S_TIM8_CH2
PCC.Checker=false
PCC.Line=STM32H743/753
PCC.MCU=STM32H743BITx
PCC.PartNumber=STM32H743BITx
PCC.Seq0=0
PCC.Series=STM32H7
PCC.Temperature=25
PCC.Vdd=3.0
PD0.GPIOParameters=GPIO_Label
PD0.GPIO_Label=Led_1
PD0.Locked=true
PD0.Signal=GPIO_Output
PD1.GPIOParameters=GPIO_Label
PD1.GPIO_Label=Led_2
PD1.Locked=true
PD1.Signal=GPIO_Output
PD10.GPIOParameters=GPIO_Label
PD10.GPIO_Label=DRV_ENABLE_Ch2
PD10.Locked=true
PD10.Signal=GPIO_Output
PD11.GPIOParameters=GPIO_Label
PD11.GPIO_Label=DRV_BRAKE_Ch2
PD11.Locked=true
PD11.Signal=GPIO_Output
PD12.GPIOParameters=GPIO_Label
PD12.GPIO_Label=DRV_DIR_Ch2
PD12.Locked=true
PD12.Signal=GPIO_Output
PD13.GPIOParameters=GPIO_Label
PD13.GPIO_Label=DRV_CLKIN_Ch2
PD13.Locked=true
PD13.Signal=S_TIM4_CH2
PD15.GPIOParameters=GPIO_Label
PD15.GPIO_Label=DRV_SCS_Ch1
PD15.Locked=true
PD15.Signal=GPIO_Output
PD2.GPIOParameters=GPIO_Label
PD2.GPIO_Label=Led_3
PD2.Locked=true
PD2.Signal=GPIO_Output
PD3.GPIOParameters=GPIO_Label
PD3.GPIO_Label=Led_4
PD3.Locked=true
PD3.Signal=GPIO_Output
PD4.GPIOParameters=GPIO_Label
PD4.GPIO_Label=SBUS2_Tx_Enable
PD4.Locked=true
PD4.Signal=GPIO_Output
PD5.Locked=true
PD5.Mode=Asynchronous
PD5.Signal=USART2_TX
PD6.Locked=true
PD6.Mode=Asynchronous
PD6.Signal=USART2_RX
PD7.GPIOParameters=GPIO_Label
PD7.GPIO_Label=SBUS2_Rx_Enable
PD7.Locked=true
PD7.Signal=GPIO_Output
PD9.GPIOParameters=GPIO_Label
PD9.GPIO_Label=DRV_RESET_Ch2
PD9.Locked=true
PD9.Signal=GPIO_Output
PE0.Locked=true
PE0.Mode=Asynchronous
PE0.Signal=UART8_RX
PE1.Locked=true
PE1.Mode=Asynchronous
PE1.Signal=UART8_TX
PE12.GPIOParameters=GPIO_Label
PE12.GPIO_Label=DRV_RESET_Ch4
PE12.Locked=true
PE12.Signal=GPIO_Output
PE13.GPIOParameters=GPIO_Label
PE13.GPIO_Label=DRV_ENABLE_Ch4
PE13.Locked=true
PE13.Signal=GPIO_Output
PE14.GPIOParameters=GPIO_Label
PE14.GPIO_Label=DRV_BRAKE_Ch4
PE14.Locked=true
PE14.Signal=GPIO_Output
PE15.GPIOParameters=GPIO_Label
PE15.GPIO_Label=DRV_DIR_Ch4
PE15.Locked=true
PE15.Signal=GPIO_Output
PE5.GPIOParameters=GPIO_Label
PE5.GPIO_Label=PWM_SERVO_1
PE5.Locked=true
PE5.Signal=S_TIM15_CH1
PE6.GPIOParameters=GPIO_Label
PE6.GPIO_Label=PWM_SERVO_2
PE6.Locked=true
PE6.Signal=S_TIM15_CH2
PE8.GPIOParameters=GPIO_Label
PE8.GPIO_Label=DRV_SCS_Ch4
PE8.Locked=true
PE8.Signal=GPIO_Output
PF0.Locked=true
PF0.Mode=I2C
PF0.Signal=I2C2_SDA
PF1.Locked=true
PF1.Mode=I2C
PF1.Signal=I2C2_SCL
PF14.Locked=true
PF14.Mode=I2C
PF14.Signal=I2C4_SCL
PF15.Locked=true
PF15.Mode=I2C
PF15.Signal=I2C4_SDA
PF6.Locked=true
PF6.Mode=Asynchronous
PF6.Signal=UART7_RX
PF7.Locked=true
PF7.Mode=Asynchronous
PF7.Signal=UART7_TX
PG15.GPIOParameters=GPIO_Label
PG15.GPIO_Label=Power_DRV_2
PG15.Locked=true
PG15.Signal=GPIO_Output
PG9.GPIOParameters=GPIO_Label
PG9.GPIO_Label=Power_PSU_5v
PG9.Locked=true
PG9.Signal=GPIO_Output
PH10.GPIOParameters=GPIO_Label
PH10.GPIO_Label=DRV_BRAKE_Ch3
PH10.Locked=true
PH10.Signal=GPIO_Output
PH11.GPIOParameters=GPIO_Label
PH11.GPIO_Label=DRV_DIR_Ch3
PH11.Locked=true
PH11.Signal=GPIO_Output
PH12.GPIOParameters=GPIO_Label
PH12.GPIO_Label=DRV_CLKIN_Ch3
PH12.Locked=true
PH12.Signal=S_TIM5_CH3
PH8.GPIOParameters=GPIO_Label
PH8.GPIO_Label=DRV_RESET_Ch3
PH8.Locked=true
PH8.Signal=GPIO_Output
PH9.GPIOParameters=GPIO_Label
PH9.GPIO_Label=DRV_ENABLE_Ch3
PH9.Locked=true
PH9.Signal=GPIO_Output
PJ10.GPIOParameters=GPIO_Label
PJ10.GPIO_Label=DRV_ENABLE_Ch1
PJ10.Locked=true
PJ10.Signal=GPIO_Output
PJ11.GPIOParameters=GPIO_Label
PJ11.GPIO_Label=DRV_BRAKE_Ch1
PJ11.Locked=true
PJ11.Signal=GPIO_Output
PJ14.GPIOParameters=GPIO_Label
PJ14.GPIO_Label=Power_PSU_12v
PJ14.Locked=true
PJ14.Signal=GPIO_Output
PJ15.GPIOParameters=GPIO_Label
PJ15.GPIO_Label=Power_LTM_C
PJ15.Locked=true
PJ15.Signal=GPIO_Output
PJ9.GPIOParameters=GPIO_Label
PJ9.GPIO_Label=DRV_RESET_Ch1
PJ9.Locked=true
PJ9.Signal=GPIO_Output
PK0.GPIOParameters=GPIO_Label
PK0.GPIO_Label=DRV_DIR_Ch1
PK0.Locked=true
PK0.Signal=GPIO_Output
PK1.GPIOParameters=GPIO_Label
PK1.GPIO_Label=DRV_CLKIN_Ch1
PK1.Locked=true
PK1.Signal=S_TIM1_CH1
PK4.GPIOParameters=GPIO_Label
PK4.GPIO_Label=Power_LTM_B
PK4.Locked=true
PK4.Signal=GPIO_Output
PK5.GPIOParameters=GPIO_Label
PK5.GPIO_Label=Power_LTM_A
PK5.Locked=true
PK5.Signal=GPIO_Output
PK6.GPIOParameters=GPIO_Label
PK6.GPIO_Label=Power_DRV_4
PK6.Locked=true
PK6.Signal=GPIO_Output
PK7.GPIOParameters=GPIO_Label
PK7.GPIO_Label=Power_DRV_3
PK7.Locked=true
PK7.Signal=GPIO_Output
PinOutPanel.RotationAngle=0
ProjectManager.AskForMigrate=true
ProjectManager.BackupPrevious=false
ProjectManager.CompilerOptimize=6
ProjectManager.ComputerToolchain=false
ProjectManager.CoupleFile=false
ProjectManager.CustomerFirmwarePackage=
ProjectManager.DefaultFWLocation=true
ProjectManager.DeletePrevious=true
ProjectManager.DeviceId=STM32H743BITx
ProjectManager.FirmwarePackage=STM32Cube FW_H7 V1.3.2
ProjectManager.FreePins=false
ProjectManager.HalAssertFull=false
ProjectManager.HeapSize=0x200
ProjectManager.KeepUserCode=true
ProjectManager.LastFirmware=true
ProjectManager.LibraryCopy=0
ProjectManager.MainLocation=Src
ProjectManager.NoMain=false
ProjectManager.PreviousToolchain=
ProjectManager.ProjectBuild=false
ProjectManager.ProjectFileName=MiniCar_v2.0.ioc
ProjectManager.ProjectName=MiniCar_v2.0
ProjectManager.StackSize=0x400
ProjectManager.TargetToolchain=MDK-ARM V5
ProjectManager.ToolChainLocation=
ProjectManager.UnderRoot=false
ProjectManager.functionlistsort=1-MX_GPIO_Init-GPIO-false-HAL-true,2-SystemClock_Config-RCC-false-HAL-false,3-MX_CORTEX_M7_Init-CORTEX_M7-false-HAL-true,4-MX_TIM2_Init-TIM2-false-HAL-true,5-MX_TIM4_Init-TIM4-false-HAL-true,6-MX_TIM5_Init-TIM5-false-HAL-true,7-MX_TIM6_Init-TIM6-false-HAL-true,8-MX_TIM12_Init-TIM12-false-HAL-true,9-MX_TIM15_Init-TIM15-false-HAL-true,10-MX_TIM16_Init-TIM16-false-HAL-true,11-MX_TIM17_Init-TIM17-false-HAL-true,12-MX_I2C1_Init-I2C1-false-HAL-true,13-MX_I2C2_Init-I2C2-false-HAL-true,14-MX_I2C4_Init-I2C4-false-HAL-true,15-MX_SPI3_Init-SPI3-false-HAL-true,16-MX_TIM1_Init-TIM1-false-HAL-true,17-MX_TIM3_Init-TIM3-false-HAL-true,18-MX_TIM8_Init-TIM8-false-HAL-true,19-MX_UART7_Init-UART7-false-HAL-true,20-MX_UART8_Init-UART8-false-HAL-true,21-MX_USART2_UART_Init-USART2-false-HAL-true,22-MX_TIM14_Init-TIM14-false-HAL-true
RCC.ADCFreq_Value=129000000
RCC.AHB12Freq_Value=200000000
RCC.AHB4Freq_Value=200000000
RCC.APB1Freq_Value=100000000
RCC.APB2Freq_Value=100000000
RCC.APB3Freq_Value=100000000
RCC.APB4Freq_Value=100000000
RCC.AXIClockFreq_Value=200000000
RCC.CECFreq_Value=32000
RCC.CKPERFreq_Value=64000000
RCC.CortexFreq_Value=400000000
RCC.CpuClockFreq_Value=400000000
RCC.D1CPREFreq_Value=400000000
RCC.D1PPRE=RCC_APB3_DIV2
RCC.D2PPRE1=RCC_APB1_DIV2
RCC.D2PPRE2=RCC_APB2_DIV2
RCC.D3PPRE=RCC_APB4_DIV2
RCC.DFSDMACLkFreq_Value=400000000
RCC.DFSDMFreq_Value=100000000
RCC.DIVM1=8
RCC.DIVN1=100
RCC.DIVP1Freq_Value=400000000
RCC.DIVP2Freq_Value=129000000
RCC.DIVP3Freq_Value=129000000
RCC.DIVQ1Freq_Value=400000000
RCC.DIVQ2Freq_Value=129000000
RCC.DIVQ3Freq_Value=129000000
RCC.DIVR1Freq_Value=400000000
RCC.DIVR2Freq_Value=129000000
RCC.DIVR3Freq_Value=129000000
RCC.FDCANFreq_Value=400000000
RCC.FMCFreq_Value=200000000
RCC.FamilyName=M
RCC.HCLK3ClockFreq_Value=200000000
RCC.HCLKFreq_Value=200000000
RCC.HPRE=RCC_HCLK_DIV2
RCC.HRTIMFreq_Value=200000000
RCC.I2C123Freq_Value=100000000
RCC.I2C4Freq_Value=100000000
RCC.IPParameters=ADCFreq_Value,AHB12Freq_Value,AHB4Freq_Value,APB1Freq_Value,APB2Freq_Value,APB3Freq_Value,APB4Freq_Value,AXIClockFreq_Value,CECFreq_Value,CKPERFreq_Value,CortexFreq_Value,CpuClockFreq_Value,D1CPREFreq_Value,D1PPRE,D2PPRE1,D2PPRE2,D3PPRE,DFSDMACLkFreq_Value,DFSDMFreq_Value,DIVM1,DIVN1,DIVP1Freq_Value,DIVP2Freq_Value,DIVP3Freq_Value,DIVQ1Freq_Value,DIVQ2Freq_Value,DIVQ3Freq_Value,DIVR1Freq_Value,DIVR2Freq_Value,DIVR3Freq_Value,FDCANFreq_Value,FMCFreq_Value,FamilyName,HCLK3ClockFreq_Value,HCLKFreq_Value,HPRE,HRTIMFreq_Value,I2C123Freq_Value,I2C4Freq_Value,LPTIM1Freq_Value,LPTIM2Freq_Value,LPTIM345Freq_Value,LPUART1Freq_Value,LTDCFreq_Value,MCO1PinFreq_Value,MCO2PinFreq_Value,QSPIFreq_Value,RNGFreq_Value,RTCFreq_Value,SAI1Freq_Value,SAI23Freq_Value,SAI4AFreq_Value,SAI4BFreq_Value,SDMMCFreq_Value,SPDIFRXFreq_Value,SPI123Freq_Value,SPI45Freq_Value,SPI6Freq_Value,SWPMI1Freq_Value,SYSCLKFreq_VALUE,SYSCLKSource,Tim1OutputFreq_Value,Tim2OutputFreq_Value,TraceFreq_Value,USART16Freq_Value,USART234578Freq_Value,USBFreq_Value,VCO1OutputFreq_Value,VCO2OutputFreq_Value,VCO3OutputFreq_Value,VCOInput1Freq_Value,VCOInput2Freq_Value,VCOInput3Freq_Value
RCC.LPTIM1Freq_Value=100000000
RCC.LPTIM2Freq_Value=100000000
RCC.LPTIM345Freq_Value=100000000
RCC.LPUART1Freq_Value=100000000
RCC.LTDCFreq_Value=129000000
RCC.MCO1PinFreq_Value=64000000
RCC.MCO2PinFreq_Value=400000000
RCC.QSPIFreq_Value=200000000
RCC.RNGFreq_Value=48000000
RCC.RTCFreq_Value=32000
RCC.SAI1Freq_Value=400000000
RCC.SAI23Freq_Value=400000000
RCC.SAI4AFreq_Value=400000000
RCC.SAI4BFreq_Value=400000000
RCC.SDMMCFreq_Value=400000000
RCC.SPDIFRXFreq_Value=400000000
RCC.SPI123Freq_Value=400000000
RCC.SPI45Freq_Value=100000000
RCC.SPI6Freq_Value=100000000
RCC.SWPMI1Freq_Value=100000000
RCC.SYSCLKFreq_VALUE=400000000
RCC.SYSCLKSource=RCC_SYSCLKSOURCE_PLLCLK
RCC.Tim1OutputFreq_Value=200000000
RCC.Tim2OutputFreq_Value=200000000
RCC.TraceFreq_Value=400000000
RCC.USART16Freq_Value=100000000
RCC.USART234578Freq_Value=100000000
RCC.USBFreq_Value=400000000
RCC.VCO1OutputFreq_Value=800000000
RCC.VCO2OutputFreq_Value=258000000
RCC.VCO3OutputFreq_Value=258000000
RCC.VCOInput1Freq_Value=8000000
RCC.VCOInput2Freq_Value=2000000
RCC.VCOInput3Freq_Value=2000000
SH.S_TIM15_CH1.0=TIM15_CH1,PWM Generation1 CH1
SH.S_TIM15_CH1.ConfNb=1
SH.S_TIM15_CH2.0=TIM15_CH2,PWM Generation2 CH2
SH.S_TIM15_CH2.ConfNb=1
SH.S_TIM1_CH1.0=TIM1_CH1,PWM Generation1 CH1
SH.S_TIM1_CH1.ConfNb=1
SH.S_TIM2_CH3.0=TIM2_CH3,PWM Generation3 CH3
SH.S_TIM2_CH3.ConfNb=1
SH.S_TIM3_CH1.0=TIM3_CH1,TriggerSource_TI1FP1
SH.S_TIM3_CH1.1=TIM3_CH1,Input_Capture1_from_TI1
SH.S_TIM3_CH1.2=TIM3_CH1,Input_Capture2_from_TI1
SH.S_TIM3_CH1.ConfNb=3
SH.S_TIM3_CH3.0=TIM3_CH3,Input_Capture3_from_TI3
SH.S_TIM3_CH3.ConfNb=1
SH.S_TIM3_CH4.0=TIM3_CH4,Input_Capture4_from_TI4
SH.S_TIM3_CH4.ConfNb=1
SH.S_TIM4_CH2.0=TIM4_CH2,PWM Generation2 CH2
SH.S_TIM4_CH2.ConfNb=1
SH.S_TIM5_CH3.0=TIM5_CH3,PWM Generation3 CH3
SH.S_TIM5_CH3.ConfNb=1
SH.S_TIM8_CH2.0=TIM8_CH2,TriggerSource_TI2FP2
SH.S_TIM8_CH2.1=TIM8_CH2,Input_Capture2_from_TI2
SH.S_TIM8_CH2.2=TIM8_CH2,Input_Capture1_from_TI2
SH.S_TIM8_CH2.ConfNb=3
SPI3.BaudRatePrescaler=SPI_BAUDRATEPRESCALER_64
SPI3.CalculateBaudRate=6.25 MBits/s
SPI3.DataSize=SPI_DATASIZE_24BIT
SPI3.Direction=SPI_DIRECTION_2LINES
SPI3.IPParameters=VirtualType,Mode,Direction,BaudRatePrescaler,CalculateBaudRate,DataSize
SPI3.Mode=SPI_MODE_MASTER
SPI3.VirtualType=VM_MASTER
TIM1.Channel-PWM\ Generation1\ CH1=TIM_CHANNEL_1
TIM1.IPParameters=Channel-PWM Generation1 CH1,Prescaler,Period,Pulse-PWM Generation1 CH1
TIM1.Period=100
TIM1.Prescaler=50
TIM1.Pulse-PWM\ Generation1\ CH1=10
TIM12.IPParameters=Prescaler,Period
TIM12.Period=0xFFFE
TIM12.Prescaler=49999
TIM14.IPParameters=Prescaler,Period
TIM14.Period=2599
TIM14.Prescaler=199
TIM15.Channel-PWM\ Generation1\ CH1=TIM_CHANNEL_1
TIM15.Channel-PWM\ Generation2\ CH2=TIM_CHANNEL_2
TIM15.IPParameters=Channel-PWM Generation1 CH1,Channel-PWM Generation2 CH2,Prescaler,Period,Pulse-PWM Generation2 CH2,Pulse-PWM Generation1 CH1
TIM15.Period=19999
TIM15.Prescaler=200
TIM15.Pulse-PWM\ Generation1\ CH1=1640
TIM15.Pulse-PWM\ Generation2\ CH2=1480
TIM16.IPParameters=Prescaler,Period
TIM16.Period=0xFFFE
TIM16.Prescaler=49999
TIM17.IPParameters=Prescaler,Period
TIM17.Period=9999
TIM17.Prescaler=1999
TIM2.Channel-PWM\ Generation3\ CH3=TIM_CHANNEL_3
TIM2.IPParameters=Channel-PWM Generation3 CH3,Prescaler,Period,Pulse-PWM Generation3 CH3
TIM2.Period=100
TIM2.Prescaler=50
TIM2.Pulse-PWM\ Generation3\ CH3=10
TIM3.Channel-Input_Capture1_from_TI1=TIM_CHANNEL_1
TIM3.Channel-Input_Capture2_from_TI1=TIM_CHANNEL_2
TIM3.Channel-Input_Capture3_from_TI3=TIM_CHANNEL_3
TIM3.Channel-Input_Capture4_from_TI4=TIM_CHANNEL_4
TIM3.ICPolarity_CH2=TIM_INPUTCHANNELPOLARITY_FALLING
TIM3.ICPolarity_CH3=TIM_INPUTCHANNELPOLARITY_FALLING
TIM3.ICPolarity_CH4=TIM_INPUTCHANNELPOLARITY_FALLING
TIM3.IPParameters=Channel-Input_Capture1_from_TI1,Channel-Input_Capture2_from_TI1,Channel-Input_Capture3_from_TI3,Channel-Input_Capture4_from_TI4,Prescaler,Period,ICPolarity_CH4,ICPolarity_CH3,ICPolarity_CH2
TIM3.Period=0xFFFE
TIM3.Prescaler=200
TIM4.Channel-PWM\ Generation2\ CH2=TIM_CHANNEL_2
TIM4.IPParameters=Channel-PWM Generation2 CH2,Prescaler,Period,Pulse-PWM Generation2 CH2
TIM4.Period=10
TIM4.Prescaler=50
TIM4.Pulse-PWM\ Generation2\ CH2=10
TIM5.Channel-PWM\ Generation3\ CH3=TIM_CHANNEL_3
TIM5.IPParameters=Prescaler,Period,Channel-PWM Generation3 CH3,Pulse-PWM Generation3 CH3
TIM5.Period=100
TIM5.Prescaler=50
TIM5.Pulse-PWM\ Generation3\ CH3=10
TIM6.IPParameters=Prescaler,Period
TIM6.Period=0xFFFE
TIM6.Prescaler=4999
TIM8.Channel-Input_Capture1_from_TI2=TIM_CHANNEL_1
TIM8.Channel-Input_Capture2_from_TI2=TIM_CHANNEL_2
TIM8.ICPolarity_CH1=TIM_INPUTCHANNELPOLARITY_FALLING
TIM8.IPParameters=Channel-Input_Capture2_from_TI2,Channel-Input_Capture1_from_TI2,Prescaler,Period,ICPolarity_CH1
TIM8.Period=0xFFFE
TIM8.Prescaler=200
USART2.BaudRate=100000
USART2.IPParameters=VirtualMode-Asynchronous,BaudRate,WordLength,Parity,StopBits
USART2.Parity=PARITY_EVEN
USART2.StopBits=STOPBITS_2
USART2.VirtualMode-Asynchronous=VM_ASYNC
USART2.WordLength=WORDLENGTH_9B
VP_FREERTOS_VS_CMSIS_V1.Mode=CMSIS_V1
VP_FREERTOS_VS_CMSIS_V1.Signal=FREERTOS_VS_CMSIS_V1
VP_SYS_VS_tim13.Mode=TIM13
VP_SYS_VS_tim13.Signal=SYS_VS_tim13
VP_TIM12_VS_ClockSourceINT.Mode=Internal
VP_TIM12_VS_ClockSourceINT.Signal=TIM12_VS_ClockSourceINT
VP_TIM14_VS_ClockSourceINT.Mode=Enable_Timer
VP_TIM14_VS_ClockSourceINT.Signal=TIM14_VS_ClockSourceINT
VP_TIM15_VS_ClockSourceINT.Mode=Internal
VP_TIM15_VS_ClockSourceINT.Signal=TIM15_VS_ClockSourceINT
VP_TIM16_VS_ClockSourceINT.Mode=Enable_Timer
VP_TIM16_VS_ClockSourceINT.Signal=TIM16_VS_ClockSourceINT
VP_TIM17_VS_ClockSourceINT.Mode=Enable_Timer
VP_TIM17_VS_ClockSourceINT.Signal=TIM17_VS_ClockSourceINT
VP_TIM1_VS_ClockSourceINT.Mode=Internal
VP_TIM1_VS_ClockSourceINT.Signal=TIM1_VS_ClockSourceINT
VP_TIM3_VS_ClockSourceINT.Mode=Internal
VP_TIM3_VS_ClockSourceINT.Signal=TIM3_VS_ClockSourceINT
VP_TIM3_VS_ControllerModeReset.Mode=Reset Mode
VP_TIM3_VS_ControllerModeReset.Signal=TIM3_VS_ControllerModeReset
VP_TIM4_VS_ClockSourceINT.Mode=Internal
VP_TIM4_VS_ClockSourceINT.Signal=TIM4_VS_ClockSourceINT
VP_TIM5_VS_ClockSourceINT.Mode=Internal
VP_TIM5_VS_ClockSourceINT.Signal=TIM5_VS_ClockSourceINT
VP_TIM6_VS_ClockSourceINT.Mode=Enable_Timer
VP_TIM6_VS_ClockSourceINT.Signal=TIM6_VS_ClockSourceINT
VP_TIM8_VS_ClockSourceINT.Mode=Internal
VP_TIM8_VS_ClockSourceINT.Signal=TIM8_VS_ClockSourceINT
VP_TIM8_VS_ControllerModeReset.Mode=Reset Mode
VP_TIM8_VS_ControllerModeReset.Signal=TIM8_VS_ControllerModeReset
board=custom
